
Microsoft Visual Studio Solution File, Format Version 11.00
# Visual Studio 2010
Project("{FAE04EC0-301F-11D3-BF4B-00C04F79EFBC}") = "TdService.UI.Web.MVC", "TdService.WebUI\TdService.UI.Web.MVC.csproj", "{21DB700B-C1D7-481D-939E-8AA00FF2F546}"
EndProject
Project("{2150E333-8FDC-42A3-9474-1A3956D46DE8}") = ".nuget", ".nuget", "{611ACF14-A6CF-48D9-A410-3B2661638823}"
	ProjectSection(SolutionItems) = preProject
		.nuget\NuGet.exe = .nuget\NuGet.exe
		.nuget\NuGet.targets = .nuget\NuGet.targets
	EndProjectSection
EndProject
Project("{FAE04EC0-301F-11D3-BF4B-00C04F79EFBC}") = "TdService.Repository.MsSql", "TdService.Repository\TdService.Repository.MsSql.csproj", "{D536586D-E628-4049-B826-AB0B57FC99FF}"
EndProject
Project("{FAE04EC0-301F-11D3-BF4B-00C04F79EFBC}") = "TdService.Model", "TdService.Model\TdService.Model.csproj", "{4E87BDA7-4AF2-4D94-9A40-68B161FBB71A}"
EndProject
Project("{FAE04EC0-301F-11D3-BF4B-00C04F79EFBC}") = "TdService.Controllers", "TdService.Presentation\TdService.Controllers.csproj", "{8C23E268-EACF-4E5F-B96A-3BB48238AADC}"
EndProject
Project("{F088123C-0E9E-452A-89E6-6BA2F21D5CAC}") = "TdService.Modeling", "TdService.Modeling\TdService.Modeling.modelproj", "{468BBD3F-058E-4C14-932A-8E15234411DA}"
EndProject
Project("{FAE04EC0-301F-11D3-BF4B-00C04F79EFBC}") = "TdService.Specs", "TdService.Specs\TdService.Specs.csproj", "{F55B2888-785A-4CEA-A0D7-E4A99ACE30C4}"
EndProject
Project("{FAE04EC0-301F-11D3-BF4B-00C04F79EFBC}") = "TdService.UnitTests", "TdService.UnitTests\TdService.UnitTests.csproj", "{41DF55CC-1535-490B-ABA4-C74A50BA2BE7}"
EndProject
Project("{2150E333-8FDC-42A3-9474-1A3956D46DE8}") = "Solution Items", "Solution Items", "{94B7E0F7-1EEC-48C3-9AE6-F95A799FE458}"
	ProjectSection(SolutionItems) = preProject
		Local.testsettings = Local.testsettings
		TdService.vsmdi = TdService.vsmdi
		TraceAndTestImpact.testsettings = TraceAndTestImpact.testsettings
	EndProjectSection
EndProject
Project("{FAE04EC0-301F-11D3-BF4B-00C04F79EFBC}") = "TdService.Services", "TdService.Service\TdService.Services.csproj", "{A9DEDA99-A27D-4687-B912-46F339EA36A4}"
EndProject
Project("{2150E333-8FDC-42A3-9474-1A3956D46DE8}") = "4. Data Access Layer", "4. Data Access Layer", "{10BEAC72-06AF-416D-8C19-9B67C75A5BD5}"
EndProject
Project("{2150E333-8FDC-42A3-9474-1A3956D46DE8}") = "3. Business Logic Layer", "3. Business Logic Layer", "{52B3281F-75F5-4EDE-826E-EA5D8107B3C9}"
EndProject
Project("{2150E333-8FDC-42A3-9474-1A3956D46DE8}") = "1. UI and Presentation Layers", "1. UI and Presentation Layers", "{413BE81F-BC28-43E4-9F8A-8F5BD06BAB31}"
EndProject
Project("{FAE04EC0-301F-11D3-BF4B-00C04F79EFBC}") = "TdService.Infrastructure", "TdService.Infrastructure\TdService.Infrastructure.csproj", "{81B36459-F01A-4F69-869B-EA585BEE2005}"
EndProject
Project("{2150E333-8FDC-42A3-9474-1A3956D46DE8}") = "2. Infrastructure Layer", "2. Infrastructure Layer", "{CEB99E70-B62D-4173-8784-32ABBB3AC042}"
EndProject
Project("{FAE04EC0-301F-11D3-BF4B-00C04F79EFBC}") = "TdService.TestConsole", "TdService.TestConsole\TdService.TestConsole.csproj", "{7220EDF2-AEA2-4A5B-BBC8-9F284FEBEA9C}"
EndProject
Project("{FAE04EC0-301F-11D3-BF4B-00C04F79EFBC}") = "TdService.Services.Cache", "TdService.Service.Cache\TdService.Services.Cache.csproj", "{3782423D-0D89-47F8-8D84-0AB3AF741086}"
EndProject
Global
	GlobalSection(TestCaseManagementSettings) = postSolution
		CategoryFile = TdService.vsmdi
	EndGlobalSection
	GlobalSection(SolutionConfigurationPlatforms) = preSolution
		Debug|Any CPU = Debug|Any CPU
		Debug|Mixed Platforms = Debug|Mixed Platforms
		Debug|x86 = Debug|x86
		Release|Any CPU = Release|Any CPU
		Release|Mixed Platforms = Release|Mixed Platforms
		Release|x86 = Release|x86
	EndGlobalSection
	GlobalSection(ProjectConfigurationPlatforms) = postSolution
		{21DB700B-C1D7-481D-939E-8AA00FF2F546}.Debug|Any CPU.ActiveCfg = Debug|Any CPU
		{21DB700B-C1D7-481D-939E-8AA00FF2F546}.Debug|Any CPU.Build.0 = Debug|Any CPU
		{21DB700B-C1D7-481D-939E-8AA00FF2F546}.Debug|Mixed Platforms.ActiveCfg = Debug|Any CPU
		{21DB700B-C1D7-481D-939E-8AA00FF2F546}.Debug|Mixed Platforms.Build.0 = Debug|Any CPU
		{21DB700B-C1D7-481D-939E-8AA00FF2F546}.Debug|x86.ActiveCfg = Debug|Any CPU
		{21DB700B-C1D7-481D-939E-8AA00FF2F546}.Release|Any CPU.ActiveCfg = Release|Any CPU
		{21DB700B-C1D7-481D-939E-8AA00FF2F546}.Release|Any CPU.Build.0 = Release|Any CPU
		{21DB700B-C1D7-481D-939E-8AA00FF2F546}.Release|Mixed Platforms.ActiveCfg = Release|Any CPU
		{21DB700B-C1D7-481D-939E-8AA00FF2F546}.Release|Mixed Platforms.Build.0 = Release|Any CPU
		{21DB700B-C1D7-481D-939E-8AA00FF2F546}.Release|x86.ActiveCfg = Release|Any CPU
		{D536586D-E628-4049-B826-AB0B57FC99FF}.Debug|Any CPU.ActiveCfg = Debug|Any CPU
		{D536586D-E628-4049-B826-AB0B57FC99FF}.Debug|Any CPU.Build.0 = Debug|Any CPU
		{D536586D-E628-4049-B826-AB0B57FC99FF}.Debug|Mixed Platforms.ActiveCfg = Debug|Any CPU
		{D536586D-E628-4049-B826-AB0B57FC99FF}.Debug|Mixed Platforms.Build.0 = Debug|Any CPU
		{D536586D-E628-4049-B826-AB0B57FC99FF}.Debug|x86.ActiveCfg = Debug|Any CPU
		{D536586D-E628-4049-B826-AB0B57FC99FF}.Release|Any CPU.ActiveCfg = Release|Any CPU
		{D536586D-E628-4049-B826-AB0B57FC99FF}.Release|Any CPU.Build.0 = Release|Any CPU
		{D536586D-E628-4049-B826-AB0B57FC99FF}.Release|Mixed Platforms.ActiveCfg = Release|Any CPU
		{D536586D-E628-4049-B826-AB0B57FC99FF}.Release|Mixed Platforms.Build.0 = Release|Any CPU
		{D536586D-E628-4049-B826-AB0B57FC99FF}.Release|x86.ActiveCfg = Release|Any CPU
		{4E87BDA7-4AF2-4D94-9A40-68B161FBB71A}.Debug|Any CPU.ActiveCfg = Debug|Any CPU
		{4E87BDA7-4AF2-4D94-9A40-68B161FBB71A}.Debug|Any CPU.Build.0 = Debug|Any CPU
		{4E87BDA7-4AF2-4D94-9A40-68B161FBB71A}.Debug|Mixed Platforms.ActiveCfg = Debug|Any CPU
		{4E87BDA7-4AF2-4D94-9A40-68B161FBB71A}.Debug|Mixed Platforms.Build.0 = Debug|Any CPU
		{4E87BDA7-4AF2-4D94-9A40-68B161FBB71A}.Debug|x86.ActiveCfg = Debug|Any CPU
		{4E87BDA7-4AF2-4D94-9A40-68B161FBB71A}.Release|Any CPU.ActiveCfg = Release|Any CPU
		{4E87BDA7-4AF2-4D94-9A40-68B161FBB71A}.Release|Any CPU.Build.0 = Release|Any CPU
		{4E87BDA7-4AF2-4D94-9A40-68B161FBB71A}.Release|Mixed Platforms.ActiveCfg = Release|Any CPU
		{4E87BDA7-4AF2-4D94-9A40-68B161FBB71A}.Release|Mixed Platforms.Build.0 = Release|Any CPU
		{4E87BDA7-4AF2-4D94-9A40-68B161FBB71A}.Release|x86.ActiveCfg = Release|Any CPU
		{8C23E268-EACF-4E5F-B96A-3BB48238AADC}.Debug|Any CPU.ActiveCfg = Debug|Any CPU
		{8C23E268-EACF-4E5F-B96A-3BB48238AADC}.Debug|Any CPU.Build.0 = Debug|Any CPU
		{8C23E268-EACF-4E5F-B96A-3BB48238AADC}.Debug|Mixed Platforms.ActiveCfg = Debug|Any CPU
		{8C23E268-EACF-4E5F-B96A-3BB48238AADC}.Debug|Mixed Platforms.Build.0 = Debug|Any CPU
		{8C23E268-EACF-4E5F-B96A-3BB48238AADC}.Debug|x86.ActiveCfg = Debug|Any CPU
		{8C23E268-EACF-4E5F-B96A-3BB48238AADC}.Release|Any CPU.ActiveCfg = Release|Any CPU
		{8C23E268-EACF-4E5F-B96A-3BB48238AADC}.Release|Any CPU.Build.0 = Release|Any CPU
		{8C23E268-EACF-4E5F-B96A-3BB48238AADC}.Release|Mixed Platforms.ActiveCfg = Release|Any CPU
		{8C23E268-EACF-4E5F-B96A-3BB48238AADC}.Release|Mixed Platforms.Build.0 = Release|Any CPU
		{8C23E268-EACF-4E5F-B96A-3BB48238AADC}.Release|x86.ActiveCfg = Release|Any CPU
		{468BBD3F-058E-4C14-932A-8E15234411DA}.Debug|Any CPU.ActiveCfg = Debug|Any CPU
		{468BBD3F-058E-4C14-932A-8E15234411DA}.Debug|Any CPU.Build.0 = Debug|Any CPU
		{468BBD3F-058E-4C14-932A-8E15234411DA}.Debug|Mixed Platforms.ActiveCfg = Debug|Any CPU
		{468BBD3F-058E-4C14-932A-8E15234411DA}.Debug|Mixed Platforms.Build.0 = Debug|Any CPU
		{468BBD3F-058E-4C14-932A-8E15234411DA}.Debug|x86.ActiveCfg = Debug|Any CPU
		{468BBD3F-058E-4C14-932A-8E15234411DA}.Release|Any CPU.ActiveCfg = Release|Any CPU
		{468BBD3F-058E-4C14-932A-8E15234411DA}.Release|Any CPU.Build.0 = Release|Any CPU
		{468BBD3F-058E-4C14-932A-8E15234411DA}.Release|Mixed Platforms.ActiveCfg = Release|Any CPU
		{468BBD3F-058E-4C14-932A-8E15234411DA}.Release|Mixed Platforms.Build.0 = Release|Any CPU
		{468BBD3F-058E-4C14-932A-8E15234411DA}.Release|x86.ActiveCfg = Release|Any CPU
		{F55B2888-785A-4CEA-A0D7-E4A99ACE30C4}.Debug|Any CPU.ActiveCfg = Debug|Any CPU
		{F55B2888-785A-4CEA-A0D7-E4A99ACE30C4}.Debug|Any CPU.Build.0 = Debug|Any CPU
		{F55B2888-785A-4CEA-A0D7-E4A99ACE30C4}.Debug|Mixed Platforms.ActiveCfg = Debug|Any CPU
		{F55B2888-785A-4CEA-A0D7-E4A99ACE30C4}.Debug|Mixed Platforms.Build.0 = Debug|Any CPU
		{F55B2888-785A-4CEA-A0D7-E4A99ACE30C4}.Debug|x86.ActiveCfg = Debug|Any CPU
		{F55B2888-785A-4CEA-A0D7-E4A99ACE30C4}.Release|Any CPU.ActiveCfg = Release|Any CPU
		{F55B2888-785A-4CEA-A0D7-E4A99ACE30C4}.Release|Any CPU.Build.0 = Release|Any CPU
		{F55B2888-785A-4CEA-A0D7-E4A99ACE30C4}.Release|Mixed Platforms.ActiveCfg = Release|Any CPU
		{F55B2888-785A-4CEA-A0D7-E4A99ACE30C4}.Release|Mixed Platforms.Build.0 = Release|Any CPU
		{F55B2888-785A-4CEA-A0D7-E4A99ACE30C4}.Release|x86.ActiveCfg = Release|Any CPU
		{41DF55CC-1535-490B-ABA4-C74A50BA2BE7}.Debug|Any CPU.ActiveCfg = Debug|Any CPU
		{41DF55CC-1535-490B-ABA4-C74A50BA2BE7}.Debug|Any CPU.Build.0 = Debug|Any CPU
		{41DF55CC-1535-490B-ABA4-C74A50BA2BE7}.Debug|Mixed Platforms.ActiveCfg = Debug|Any CPU
		{41DF55CC-1535-490B-ABA4-C74A50BA2BE7}.Debug|Mixed Platforms.Build.0 = Debug|Any CPU
		{41DF55CC-1535-490B-ABA4-C74A50BA2BE7}.Debug|x86.ActiveCfg = Debug|Any CPU
		{41DF55CC-1535-490B-ABA4-C74A50BA2BE7}.Release|Any CPU.ActiveCfg = Release|Any CPU
		{41DF55CC-1535-490B-ABA4-C74A50BA2BE7}.Release|Any CPU.Build.0 = Release|Any CPU
		{41DF55CC-1535-490B-ABA4-C74A50BA2BE7}.Release|Mixed Platforms.ActiveCfg = Release|Any CPU
		{41DF55CC-1535-490B-ABA4-C74A50BA2BE7}.Release|Mixed Platforms.Build.0 = Release|Any CPU
		{41DF55CC-1535-490B-ABA4-C74A50BA2BE7}.Release|x86.ActiveCfg = Release|Any CPU
		{A9DEDA99-A27D-4687-B912-46F339EA36A4}.Debug|Any CPU.ActiveCfg = Debug|Any CPU
		{A9DEDA99-A27D-4687-B912-46F339EA36A4}.Debug|Any CPU.Build.0 = Debug|Any CPU
		{A9DEDA99-A27D-4687-B912-46F339EA36A4}.Debug|Mixed Platforms.ActiveCfg = Debug|Any CPU
		{A9DEDA99-A27D-4687-B912-46F339EA36A4}.Debug|Mixed Platforms.Build.0 = Debug|Any CPU
		{A9DEDA99-A27D-4687-B912-46F339EA36A4}.Debug|x86.ActiveCfg = Debug|Any CPU
		{A9DEDA99-A27D-4687-B912-46F339EA36A4}.Release|Any CPU.ActiveCfg = Release|Any CPU
		{A9DEDA99-A27D-4687-B912-46F339EA36A4}.Release|Any CPU.Build.0 = Release|Any CPU
		{A9DEDA99-A27D-4687-B912-46F339EA36A4}.Release|Mixed Platforms.ActiveCfg = Release|Any CPU
		{A9DEDA99-A27D-4687-B912-46F339EA36A4}.Release|Mixed Platforms.Build.0 = Release|Any CPU
		{A9DEDA99-A27D-4687-B912-46F339EA36A4}.Release|x86.ActiveCfg = Release|Any CPU
		{81B36459-F01A-4F69-869B-EA585BEE2005}.Debug|Any CPU.ActiveCfg = Debug|Any CPU
		{81B36459-F01A-4F69-869B-EA585BEE2005}.Debug|Any CPU.Build.0 = Debug|Any CPU
		{81B36459-F01A-4F69-869B-EA585BEE2005}.Debug|Mixed Platforms.ActiveCfg = Debug|Any CPU
		{81B36459-F01A-4F69-869B-EA585BEE2005}.Debug|Mixed Platforms.Build.0 = Debug|Any CPU
		{81B36459-F01A-4F69-869B-EA585BEE2005}.Debug|x86.ActiveCfg = Debug|Any CPU
		{81B36459-F01A-4F69-869B-EA585BEE2005}.Release|Any CPU.ActiveCfg = Release|Any CPU
		{81B36459-F01A-4F69-869B-EA585BEE2005}.Release|Any CPU.Build.0 = Release|Any CPU
		{81B36459-F01A-4F69-869B-EA585BEE2005}.Release|Mixed Platforms.ActiveCfg = Release|Any CPU
		{81B36459-F01A-4F69-869B-EA585BEE2005}.Release|Mixed Platforms.Build.0 = Release|Any CPU
		{81B36459-F01A-4F69-869B-EA585BEE2005}.Release|x86.ActiveCfg = Release|Any CPU
		{7220EDF2-AEA2-4A5B-BBC8-9F284FEBEA9C}.Debug|Any CPU.ActiveCfg = Debug|x86
		{7220EDF2-AEA2-4A5B-BBC8-9F284FEBEA9C}.Debug|Mixed Platforms.ActiveCfg = Debug|x86
		{7220EDF2-AEA2-4A5B-BBC8-9F284FEBEA9C}.Debug|Mixed Platforms.Build.0 = Debug|x86
		{7220EDF2-AEA2-4A5B-BBC8-9F284FEBEA9C}.Debug|x86.ActiveCfg = Debug|x86
		{7220EDF2-AEA2-4A5B-BBC8-9F284FEBEA9C}.Debug|x86.Build.0 = Debug|x86
		{7220EDF2-AEA2-4A5B-BBC8-9F284FEBEA9C}.Release|Any CPU.ActiveCfg = Release|x86
		{7220EDF2-AEA2-4A5B-BBC8-9F284FEBEA9C}.Release|Mixed Platforms.ActiveCfg = Release|x86
		{7220EDF2-AEA2-4A5B-BBC8-9F284FEBEA9C}.Release|Mixed Platforms.Build.0 = Release|x86
		{7220EDF2-AEA2-4A5B-BBC8-9F284FEBEA9C}.Release|x86.ActiveCfg = Release|x86
		{7220EDF2-AEA2-4A5B-BBC8-9F284FEBEA9C}.Release|x86.Build.0 = Release|x86
		{3782423D-0D89-47F8-8D84-0AB3AF741086}.Debug|Any CPU.ActiveCfg = Debug|Any CPU
		{3782423D-0D89-47F8-8D84-0AB3AF741086}.Debug|Any CPU.Build.0 = Debug|Any CPU
		{3782423D-0D89-47F8-8D84-0AB3AF741086}.Debug|Mixed Platforms.ActiveCfg = Debug|Any CPU
		{3782423D-0D89-47F8-8D84-0AB3AF741086}.Debug|Mixed Platforms.Build.0 = Debug|Any CPU
		{3782423D-0D89-47F8-8D84-0AB3AF741086}.Debug|x86.ActiveCfg = Debug|Any CPU
		{3782423D-0D89-47F8-8D84-0AB3AF741086}.Release|Any CPU.ActiveCfg = Release|Any CPU
		{3782423D-0D89-47F8-8D84-0AB3AF741086}.Release|Any CPU.Build.0 = Release|Any CPU
		{3782423D-0D89-47F8-8D84-0AB3AF741086}.Release|Mixed Platforms.ActiveCfg = Release|Any CPU
		{3782423D-0D89-47F8-8D84-0AB3AF741086}.Release|Mixed Platforms.Build.0 = Release|Any CPU
		{3782423D-0D89-47F8-8D84-0AB3AF741086}.Release|x86.ActiveCfg = Release|Any CPU
	EndGlobalSection
	GlobalSection(SolutionProperties) = preSolution
		HideSolutionNode = FALSE
	EndGlobalSection
	GlobalSection(NestedProjects) = preSolution
		{21DB700B-C1D7-481D-939E-8AA00FF2F546} = {413BE81F-BC28-43E4-9F8A-8F5BD06BAB31}
		{8C23E268-EACF-4E5F-B96A-3BB48238AADC} = {413BE81F-BC28-43E4-9F8A-8F5BD06BAB31}
		{A9DEDA99-A27D-4687-B912-46F339EA36A4} = {413BE81F-BC28-43E4-9F8A-8F5BD06BAB31}
		{3782423D-0D89-47F8-8D84-0AB3AF741086} = {413BE81F-BC28-43E4-9F8A-8F5BD06BAB31}
		{D536586D-E628-4049-B826-AB0B57FC99FF} = {10BEAC72-06AF-416D-8C19-9B67C75A5BD5}
		{7220EDF2-AEA2-4A5B-BBC8-9F284FEBEA9C} = {10BEAC72-06AF-416D-8C19-9B67C75A5BD5}
		{4E87BDA7-4AF2-4D94-9A40-68B161FBB71A} = {52B3281F-75F5-4EDE-826E-EA5D8107B3C9}
		{81B36459-F01A-4F69-869B-EA585BEE2005} = {CEB99E70-B62D-4173-8784-32ABBB3AC042}
		{468BBD3F-058E-4C14-932A-8E15234411DA} = {CEB99E70-B62D-4173-8784-32ABBB3AC042}
		{F55B2888-785A-4CEA-A0D7-E4A99ACE30C4} = {CEB99E70-B62D-4173-8784-32ABBB3AC042}
		{41DF55CC-1535-490B-ABA4-C74A50BA2BE7} = {CEB99E70-B62D-4173-8784-32ABBB3AC042}
	EndGlobalSection
EndGlobal
